// !$*UTF8*$!
{
	archiveVersion = 1;
	classes = {
	};
	objectVersion = 50;
	objects = {

/* Begin PBXBuildFile section */
		3DB69B5A26343392005BF599 /* AppDelegate.swift in Sources */ = {isa = PBXBuildFile; fileRef = 3DB69B5926343392005BF599 /* AppDelegate.swift */; };
		3DB69B6026343393005BF599 /* Assets.xcassets in Resources */ = {isa = PBXBuildFile; fileRef = 3DB69B5F26343393005BF599 /* Assets.xcassets */; };
		3DB69B6626343393005BF599 /* LaunchScreen.storyboard in Resources */ = {isa = PBXBuildFile; fileRef = 3DB69B6426343393005BF599 /* LaunchScreen.storyboard */; };
		3DB69B7126343393005BF599 /* Fara_TaskTests.swift in Sources */ = {isa = PBXBuildFile; fileRef = 3DB69B7026343393005BF599 /* Fara_TaskTests.swift */; };
		3DB69B7C26343393005BF599 /* Fara_TaskUITests.swift in Sources */ = {isa = PBXBuildFile; fileRef = 3DB69B7B26343393005BF599 /* Fara_TaskUITests.swift */; };
		3DB69B99263434DC005BF599 /* ControllersBuilder.swift in Sources */ = {isa = PBXBuildFile; fileRef = 3DB69B98263434DC005BF599 /* ControllersBuilder.swift */; };
		3DB69BA126343521005BF599 /* UserDetailsView.swift in Sources */ = {isa = PBXBuildFile; fileRef = 3DB69BA026343521005BF599 /* UserDetailsView.swift */; };
		3DB69BA62634352E005BF599 /* UserDetailsViewController.swift in Sources */ = {isa = PBXBuildFile; fileRef = 3DB69BA52634352E005BF599 /* UserDetailsViewController.swift */; };
		3DB69BAB2634353C005BF599 /* UserDetailsInteractor.swift in Sources */ = {isa = PBXBuildFile; fileRef = 3DB69BAA2634353C005BF599 /* UserDetailsInteractor.swift */; };
		3DB69BB02634354D005BF599 /* UserDetailsRouter.swift in Sources */ = {isa = PBXBuildFile; fileRef = 3DB69BAF2634354D005BF599 /* UserDetailsRouter.swift */; };
		3DB69BB52634355A005BF599 /* UserListCell.swift in Sources */ = {isa = PBXBuildFile; fileRef = 3DB69BB42634355A005BF599 /* UserListCell.swift */; };
		3DB69BBA26343566005BF599 /* UserListTableViewController.swift in Sources */ = {isa = PBXBuildFile; fileRef = 3DB69BB926343566005BF599 /* UserListTableViewController.swift */; };
		3DB69BBF26343570005BF599 /* UserListInteractor.swift in Sources */ = {isa = PBXBuildFile; fileRef = 3DB69BBE26343570005BF599 /* UserListInteractor.swift */; };
		3DB69BC42634357B005BF599 /* UserListRouter.swift in Sources */ = {isa = PBXBuildFile; fileRef = 3DB69BC32634357B005BF599 /* UserListRouter.swift */; };
		3DB69BCB263439CB005BF599 /* User.swift in Sources */ = {isa = PBXBuildFile; fileRef = 3DB69BCA263439CB005BF599 /* User.swift */; };
		3DB69BD726349533005BF599 /* UIViewExtensions.swift in Sources */ = {isa = PBXBuildFile; fileRef = 3DB69BD626349533005BF599 /* UIViewExtensions.swift */; };
		3DB69BDC2634957F005BF599 /* Reusables.swift in Sources */ = {isa = PBXBuildFile; fileRef = 3DB69BDB2634957F005BF599 /* Reusables.swift */; };
		3DB69BE426349672005BF599 /* UIColorExtensions.swift in Sources */ = {isa = PBXBuildFile; fileRef = 3DB69BE326349672005BF599 /* UIColorExtensions.swift */; };
/* End PBXBuildFile section */

/* Begin PBXContainerItemProxy section */
		3DB69B6D26343393005BF599 /* PBXContainerItemProxy */ = {
			isa = PBXContainerItemProxy;
			containerPortal = 3DB69B4E26343392005BF599 /* Project object */;
			proxyType = 1;
			remoteGlobalIDString = 3DB69B5526343392005BF599;
			remoteInfo = "Fara-Task";
		};
		3DB69B7826343393005BF599 /* PBXContainerItemProxy */ = {
			isa = PBXContainerItemProxy;
			containerPortal = 3DB69B4E26343392005BF599 /* Project object */;
			proxyType = 1;
			remoteGlobalIDString = 3DB69B5526343392005BF599;
			remoteInfo = "Fara-Task";
		};
/* End PBXContainerItemProxy section */

/* Begin PBXFileReference section */
		3DB69B5626343392005BF599 /* Fara-Task.app */ = {isa = PBXFileReference; explicitFileType = wrapper.application; includeInIndex = 0; path = "Fara-Task.app"; sourceTree = BUILT_PRODUCTS_DIR; };
		3DB69B5926343392005BF599 /* AppDelegate.swift */ = {isa = PBXFileReference; lastKnownFileType = sourcecode.swift; path = AppDelegate.swift; sourceTree = "<group>"; };
		3DB69B5F26343393005BF599 /* Assets.xcassets */ = {isa = PBXFileReference; lastKnownFileType = folder.assetcatalog; path = Assets.xcassets; sourceTree = "<group>"; };
		3DB69B6526343393005BF599 /* Base */ = {isa = PBXFileReference; lastKnownFileType = file.storyboard; name = Base; path = Base.lproj/LaunchScreen.storyboard; sourceTree = "<group>"; };
		3DB69B6726343393005BF599 /* Info.plist */ = {isa = PBXFileReference; lastKnownFileType = text.plist.xml; path = Info.plist; sourceTree = "<group>"; };
		3DB69B6C26343393005BF599 /* Fara-TaskTests.xctest */ = {isa = PBXFileReference; explicitFileType = wrapper.cfbundle; includeInIndex = 0; path = "Fara-TaskTests.xctest"; sourceTree = BUILT_PRODUCTS_DIR; };
		3DB69B7026343393005BF599 /* Fara_TaskTests.swift */ = {isa = PBXFileReference; lastKnownFileType = sourcecode.swift; path = Fara_TaskTests.swift; sourceTree = "<group>"; };
		3DB69B7226343393005BF599 /* Info.plist */ = {isa = PBXFileReference; lastKnownFileType = text.plist.xml; path = Info.plist; sourceTree = "<group>"; };
		3DB69B7726343393005BF599 /* Fara-TaskUITests.xctest */ = {isa = PBXFileReference; explicitFileType = wrapper.cfbundle; includeInIndex = 0; path = "Fara-TaskUITests.xctest"; sourceTree = BUILT_PRODUCTS_DIR; };
		3DB69B7B26343393005BF599 /* Fara_TaskUITests.swift */ = {isa = PBXFileReference; lastKnownFileType = sourcecode.swift; path = Fara_TaskUITests.swift; sourceTree = "<group>"; };
		3DB69B7D26343393005BF599 /* Info.plist */ = {isa = PBXFileReference; lastKnownFileType = text.plist.xml; path = Info.plist; sourceTree = "<group>"; };
		3DB69B98263434DC005BF599 /* ControllersBuilder.swift */ = {isa = PBXFileReference; lastKnownFileType = sourcecode.swift; path = ControllersBuilder.swift; sourceTree = "<group>"; };
		3DB69BA026343521005BF599 /* UserDetailsView.swift */ = {isa = PBXFileReference; lastKnownFileType = sourcecode.swift; path = UserDetailsView.swift; sourceTree = "<group>"; };
		3DB69BA52634352E005BF599 /* UserDetailsViewController.swift */ = {isa = PBXFileReference; lastKnownFileType = sourcecode.swift; path = UserDetailsViewController.swift; sourceTree = "<group>"; };
		3DB69BAA2634353C005BF599 /* UserDetailsInteractor.swift */ = {isa = PBXFileReference; lastKnownFileType = sourcecode.swift; path = UserDetailsInteractor.swift; sourceTree = "<group>"; };
		3DB69BAF2634354D005BF599 /* UserDetailsRouter.swift */ = {isa = PBXFileReference; lastKnownFileType = sourcecode.swift; path = UserDetailsRouter.swift; sourceTree = "<group>"; };
		3DB69BB42634355A005BF599 /* UserListCell.swift */ = {isa = PBXFileReference; lastKnownFileType = sourcecode.swift; path = UserListCell.swift; sourceTree = "<group>"; };
		3DB69BB926343566005BF599 /* UserListTableViewController.swift */ = {isa = PBXFileReference; lastKnownFileType = sourcecode.swift; path = UserListTableViewController.swift; sourceTree = "<group>"; };
		3DB69BBE26343570005BF599 /* UserListInteractor.swift */ = {isa = PBXFileReference; lastKnownFileType = sourcecode.swift; path = UserListInteractor.swift; sourceTree = "<group>"; };
		3DB69BC32634357B005BF599 /* UserListRouter.swift */ = {isa = PBXFileReference; lastKnownFileType = sourcecode.swift; path = UserListRouter.swift; sourceTree = "<group>"; };
		3DB69BCA263439CB005BF599 /* User.swift */ = {isa = PBXFileReference; lastKnownFileType = sourcecode.swift; path = User.swift; sourceTree = "<group>"; };
		3DB69BD626349533005BF599 /* UIViewExtensions.swift */ = {isa = PBXFileReference; lastKnownFileType = sourcecode.swift; path = UIViewExtensions.swift; sourceTree = "<group>"; };
		3DB69BDB2634957F005BF599 /* Reusables.swift */ = {isa = PBXFileReference; lastKnownFileType = sourcecode.swift; path = Reusables.swift; sourceTree = "<group>"; };
		3DB69BE326349672005BF599 /* UIColorExtensions.swift */ = {isa = PBXFileReference; lastKnownFileType = sourcecode.swift; path = UIColorExtensions.swift; sourceTree = "<group>"; };
/* End PBXFileReference section */

/* Begin PBXFrameworksBuildPhase section */
		3DB69B5326343392005BF599 /* Frameworks */ = {
			isa = PBXFrameworksBuildPhase;
			buildActionMask = 2147483647;
			files = (
			);
			runOnlyForDeploymentPostprocessing = 0;
		};
		3DB69B6926343393005BF599 /* Frameworks */ = {
			isa = PBXFrameworksBuildPhase;
			buildActionMask = 2147483647;
			files = (
			);
			runOnlyForDeploymentPostprocessing = 0;
		};
		3DB69B7426343393005BF599 /* Frameworks */ = {
			isa = PBXFrameworksBuildPhase;
			buildActionMask = 2147483647;
			files = (
			);
			runOnlyForDeploymentPostprocessing = 0;
		};
/* End PBXFrameworksBuildPhase section */

/* Begin PBXGroup section */
		3DB69B4D26343392005BF599 = {
			isa = PBXGroup;
			children = (
				3DB69B5826343392005BF599 /* Fara-Task */,
				3DB69B6F26343393005BF599 /* Fara-TaskTests */,
				3DB69B7A26343393005BF599 /* Fara-TaskUITests */,
				3DB69B5726343392005BF599 /* Products */,
			);
			sourceTree = "<group>";
		};
		3DB69B5726343392005BF599 /* Products */ = {
			isa = PBXGroup;
			children = (
				3DB69B5626343392005BF599 /* Fara-Task.app */,
				3DB69B6C26343393005BF599 /* Fara-TaskTests.xctest */,
				3DB69B7726343393005BF599 /* Fara-TaskUITests.xctest */,
			);
			name = Products;
			sourceTree = "<group>";
		};
		3DB69B5826343392005BF599 /* Fara-Task */ = {
			isa = PBXGroup;
			children = (
				3DB69BD526349523005BF599 /* Extensions */,
				3DB69BC9263439C2005BF599 /* Models */,
				3DB69BC826343583005BF599 /* Helpers */,
				3DB69B952634349B005BF599 /* Modules */,
				3DB69B5926343392005BF599 /* AppDelegate.swift */,
				3DB69B5F26343393005BF599 /* Assets.xcassets */,
				3DB69B6426343393005BF599 /* LaunchScreen.storyboard */,
				3DB69B6726343393005BF599 /* Info.plist */,
			);
			path = "Fara-Task";
			sourceTree = "<group>";
		};
		3DB69B6F26343393005BF599 /* Fara-TaskTests */ = {
			isa = PBXGroup;
			children = (
				3DB69B7026343393005BF599 /* Fara_TaskTests.swift */,
				3DB69B7226343393005BF599 /* Info.plist */,
			);
			path = "Fara-TaskTests";
			sourceTree = "<group>";
		};
		3DB69B7A26343393005BF599 /* Fara-TaskUITests */ = {
			isa = PBXGroup;
			children = (
				3DB69B7B26343393005BF599 /* Fara_TaskUITests.swift */,
				3DB69B7D26343393005BF599 /* Info.plist */,
			);
			path = "Fara-TaskUITests";
			sourceTree = "<group>";
		};
		3DB69B952634349B005BF599 /* Modules */ = {
			isa = PBXGroup;
			children = (
				3DB69B98263434DC005BF599 /* ControllersBuilder.swift */,
				3DB69B97263434C5005BF599 /* UserDetails */,
				3DB69B96263434BC005BF599 /* UserList */,
			);
			path = Modules;
			sourceTree = "<group>";
		};
		3DB69B96263434BC005BF599 /* UserList */ = {
			isa = PBXGroup;
			children = (
				3DB69BB42634355A005BF599 /* UserListCell.swift */,
				3DB69BB926343566005BF599 /* UserListTableViewController.swift */,
				3DB69BBE26343570005BF599 /* UserListInteractor.swift */,
				3DB69BC32634357B005BF599 /* UserListRouter.swift */,
			);
			path = UserList;
			sourceTree = "<group>";
		};
		3DB69B97263434C5005BF599 /* UserDetails */ = {
			isa = PBXGroup;
			children = (
				3DB69BA026343521005BF599 /* UserDetailsView.swift */,
				3DB69BA52634352E005BF599 /* UserDetailsViewController.swift */,
				3DB69BAA2634353C005BF599 /* UserDetailsInteractor.swift */,
				3DB69BAF2634354D005BF599 /* UserDetailsRouter.swift */,
			);
			path = UserDetails;
			sourceTree = "<group>";
		};
		3DB69BC826343583005BF599 /* Helpers */ = {
			isa = PBXGroup;
			children = (
			);
			path = Helpers;
			sourceTree = "<group>";
		};
		3DB69BC9263439C2005BF599 /* Models */ = {
			isa = PBXGroup;
			children = (
				3DB69BCA263439CB005BF599 /* User.swift */,
				3DB69BDB2634957F005BF599 /* Reusables.swift */,
			);
			path = Models;
			sourceTree = "<group>";
		};
		3DB69BD526349523005BF599 /* Extensions */ = {
			isa = PBXGroup;
			children = (
				3DB69BD626349533005BF599 /* UIViewExtensions.swift */,
				3DB69BE326349672005BF599 /* UIColorExtensions.swift */,
			);
			path = Extensions;
			sourceTree = "<group>";
		};
/* End PBXGroup section */

/* Begin PBXNativeTarget section */
		3DB69B5526343392005BF599 /* Fara-Task */ = {
			isa = PBXNativeTarget;
			buildConfigurationList = 3DB69B8026343393005BF599 /* Build configuration list for PBXNativeTarget "Fara-Task" */;
			buildPhases = (
				3DB69B5226343392005BF599 /* Sources */,
				3DB69B5326343392005BF599 /* Frameworks */,
				3DB69B5426343392005BF599 /* Resources */,
			);
			buildRules = (
			);
			dependencies = (
			);
			name = "Fara-Task";
			productName = "Fara-Task";
			productReference = 3DB69B5626343392005BF599 /* Fara-Task.app */;
			productType = "com.apple.product-type.application";
		};
		3DB69B6B26343393005BF599 /* Fara-TaskTests */ = {
			isa = PBXNativeTarget;
			buildConfigurationList = 3DB69B8326343393005BF599 /* Build configuration list for PBXNativeTarget "Fara-TaskTests" */;
			buildPhases = (
				3DB69B6826343393005BF599 /* Sources */,
				3DB69B6926343393005BF599 /* Frameworks */,
				3DB69B6A26343393005BF599 /* Resources */,
			);
			buildRules = (
			);
			dependencies = (
				3DB69B6E26343393005BF599 /* PBXTargetDependency */,
			);
			name = "Fara-TaskTests";
			productName = "Fara-TaskTests";
			productReference = 3DB69B6C26343393005BF599 /* Fara-TaskTests.xctest */;
			productType = "com.apple.product-type.bundle.unit-test";
		};
		3DB69B7626343393005BF599 /* Fara-TaskUITests */ = {
			isa = PBXNativeTarget;
			buildConfigurationList = 3DB69B8626343393005BF599 /* Build configuration list for PBXNativeTarget "Fara-TaskUITests" */;
			buildPhases = (
				3DB69B7326343393005BF599 /* Sources */,
				3DB69B7426343393005BF599 /* Frameworks */,
				3DB69B7526343393005BF599 /* Resources */,
			);
			buildRules = (
			);
			dependencies = (
				3DB69B7926343393005BF599 /* PBXTargetDependency */,
			);
			name = "Fara-TaskUITests";
			productName = "Fara-TaskUITests";
			productReference = 3DB69B7726343393005BF599 /* Fara-TaskUITests.xctest */;
			productType = "com.apple.product-type.bundle.ui-testing";
		};
/* End PBXNativeTarget section */

/* Begin PBXProject section */
		3DB69B4E26343392005BF599 /* Project object */ = {
			isa = PBXProject;
			attributes = {
				LastSwiftUpdateCheck = 1240;
				LastUpgradeCheck = 1240;
				TargetAttributes = {
					3DB69B5526343392005BF599 = {
						CreatedOnToolsVersion = 12.4;
					};
					3DB69B6B26343393005BF599 = {
						CreatedOnToolsVersion = 12.4;
						TestTargetID = 3DB69B5526343392005BF599;
					};
					3DB69B7626343393005BF599 = {
						CreatedOnToolsVersion = 12.4;
						TestTargetID = 3DB69B5526343392005BF599;
					};
				};
			};
			buildConfigurationList = 3DB69B5126343392005BF599 /* Build configuration list for PBXProject "Fara-Task" */;
			compatibilityVersion = "Xcode 9.3";
			developmentRegion = en;
			hasScannedForEncodings = 0;
			knownRegions = (
				en,
				Base,
			);
			mainGroup = 3DB69B4D26343392005BF599;
			productRefGroup = 3DB69B5726343392005BF599 /* Products */;
			projectDirPath = "";
			projectRoot = "";
			targets = (
				3DB69B5526343392005BF599 /* Fara-Task */,
				3DB69B6B26343393005BF599 /* Fara-TaskTests */,
				3DB69B7626343393005BF599 /* Fara-TaskUITests */,
			);
		};
/* End PBXProject section */

/* Begin PBXResourcesBuildPhase section */
		3DB69B5426343392005BF599 /* Resources */ = {
			isa = PBXResourcesBuildPhase;
			buildActionMask = 2147483647;
			files = (
				3DB69B6626343393005BF599 /* LaunchScreen.storyboard in Resources */,
				3DB69B6026343393005BF599 /* Assets.xcassets in Resources */,
			);
			runOnlyForDeploymentPostprocessing = 0;
		};
		3DB69B6A26343393005BF599 /* Resources */ = {
			isa = PBXResourcesBuildPhase;
			buildActionMask = 2147483647;
			files = (
			);
			runOnlyForDeploymentPostprocessing = 0;
		};
		3DB69B7526343393005BF599 /* Resources */ = {
			isa = PBXResourcesBuildPhase;
			buildActionMask = 2147483647;
			files = (
			);
			runOnlyForDeploymentPostprocessing = 0;
		};
/* End PBXResourcesBuildPhase section */

/* Begin PBXSourcesBuildPhase section */
		3DB69B5226343392005BF599 /* Sources */ = {
			isa = PBXSourcesBuildPhase;
			buildActionMask = 2147483647;
			files = (
				3DB69BB52634355A005BF599 /* UserListCell.swift in Sources */,
				3DB69BE426349672005BF599 /* UIColorExtensions.swift in Sources */,
				3DB69BBA26343566005BF599 /* UserListTableViewController.swift in Sources */,
				3DB69BDC2634957F005BF599 /* Reusables.swift in Sources */,
				3DB69B5A26343392005BF599 /* AppDelegate.swift in Sources */,
				3DB69BAB2634353C005BF599 /* UserDetailsInteractor.swift in Sources */,
				3DB69BB02634354D005BF599 /* UserDetailsRouter.swift in Sources */,
				3DB69BA126343521005BF599 /* UserDetailsView.swift in Sources */,
				3DB69BA62634352E005BF599 /* UserDetailsViewController.swift in Sources */,
				3DB69BBF26343570005BF599 /* UserListInteractor.swift in Sources */,
				3DB69B99263434DC005BF599 /* ControllersBuilder.swift in Sources */,
				3DB69BC42634357B005BF599 /* UserListRouter.swift in Sources */,
				3DB69BD726349533005BF599 /* UIViewExtensions.swift in Sources */,
				3DB69BCB263439CB005BF599 /* User.swift in Sources */,
			);
			runOnlyForDeploymentPostprocessing = 0;
		};
		3DB69B6826343393005BF599 /* Sources */ = {
			isa = PBXSourcesBuildPhase;
			buildActionMask = 2147483647;
			files = (
				3DB69B7126343393005BF599 /* Fara_TaskTests.swift in Sources */,
			);
			runOnlyForDeploymentPostprocessing = 0;
		};
		3DB69B7326343393005BF599 /* Sources */ = {
			isa = PBXSourcesBuildPhase;
			buildActionMask = 2147483647;
			files = (
				3DB69B7C26343393005BF599 /* Fara_TaskUITests.swift in Sources */,
			);
			runOnlyForDeploymentPostprocessing = 0;
		};
/* End PBXSourcesBuildPhase section */

/* Begin PBXTargetDependency section */
		3DB69B6E26343393005BF599 /* PBXTargetDependency */ = {
			isa = PBXTargetDependency;
			target = 3DB69B5526343392005BF599 /* Fara-Task */;
			targetProxy = 3DB69B6D26343393005BF599 /* PBXContainerItemProxy */;
		};
		3DB69B7926343393005BF599 /* PBXTargetDependency */ = {
			isa = PBXTargetDependency;
			target = 3DB69B5526343392005BF599 /* Fara-Task */;
			targetProxy = 3DB69B7826343393005BF599 /* PBXContainerItemProxy */;
		};
/* End PBXTargetDependency section */

/* Begin PBXVariantGroup section */
		3DB69B6426343393005BF599 /* LaunchScreen.storyboard */ = {
			isa = PBXVariantGroup;
			children = (
				3DB69B6526343393005BF599 /* Base */,
			);
			name = LaunchScreen.storyboard;
			sourceTree = "<group>";
		};
/* End PBXVariantGroup section */

/* Begin XCBuildConfiguration section */
		3DB69B7E26343393005BF599 /* Debug */ = {
			isa = XCBuildConfiguration;
			buildSettings = {
				ALWAYS_SEARCH_USER_PATHS = NO;
				CLANG_ANALYZER_NONNULL = YES;
				CLANG_ANALYZER_NUMBER_OBJECT_CONVERSION = YES_AGGRESSIVE;
				CLANG_CXX_LANGUAGE_STANDARD = "gnu++14";
				CLANG_CXX_LIBRARY = "libc++";
				CLANG_ENABLE_MODULES = YES;
				CLANG_ENABLE_OBJC_ARC = YES;
				CLANG_ENABLE_OBJC_WEAK = YES;
				CLANG_WARN_BLOCK_CAPTURE_AUTORELEASING = YES;
				CLANG_WARN_BOOL_CONVERSION = YES;
				CLANG_WARN_COMMA = YES;
				CLANG_WARN_CONSTANT_CONVERSION = YES;
				CLANG_WARN_DEPRECATED_OBJC_IMPLEMENTATIONS = YES;
				CLANG_WARN_DIRECT_OBJC_ISA_USAGE = YES_ERROR;
				CLANG_WARN_DOCUMENTATION_COMMENTS = YES;
				CLANG_WARN_EMPTY_BODY = YES;
				CLANG_WARN_ENUM_CONVERSION = YES;
				CLANG_WARN_INFINITE_RECURSION = YES;
				CLANG_WARN_INT_CONVERSION = YES;
				CLANG_WARN_NON_LITERAL_NULL_CONVERSION = YES;
				CLANG_WARN_OBJC_IMPLICIT_RETAIN_SELF = YES;
				CLANG_WARN_OBJC_LITERAL_CONVERSION = YES;
				CLANG_WARN_OBJC_ROOT_CLASS = YES_ERROR;
				CLANG_WARN_QUOTED_INCLUDE_IN_FRAMEWORK_HEADER = YES;
				CLANG_WARN_RANGE_LOOP_ANALYSIS = YES;
				CLANG_WARN_STRICT_PROTOTYPES = YES;
				CLANG_WARN_SUSPICIOUS_MOVE = YES;
				CLANG_WARN_UNGUARDED_AVAILABILITY = YES_AGGRESSIVE;
				CLANG_WARN_UNREACHABLE_CODE = YES;
				CLANG_WARN__DUPLICATE_METHOD_MATCH = YES;
				COPY_PHASE_STRIP = NO;
				DEBUG_INFORMATION_FORMAT = dwarf;
				ENABLE_STRICT_OBJC_MSGSEND = YES;
				ENABLE_TESTABILITY = YES;
				GCC_C_LANGUAGE_STANDARD = gnu11;
				GCC_DYNAMIC_NO_PIC = NO;
				GCC_NO_COMMON_BLOCKS = YES;
				GCC_OPTIMIZATION_LEVEL = 0;
				GCC_PREPROCESSOR_DEFINITIONS = (
					"DEBUG=1",
					"$(inherited)",
				);
				GCC_WARN_64_TO_32_BIT_CONVERSION = YES;
				GCC_WARN_ABOUT_RETURN_TYPE = YES_ERROR;
				GCC_WARN_UNDECLARED_SELECTOR = YES;
				GCC_WARN_UNINITIALIZED_AUTOS = YES_AGGRESSIVE;
				GCC_WARN_UNUSED_FUNCTION = YES;
				GCC_WARN_UNUSED_VARIABLE = YES;
				IPHONEOS_DEPLOYMENT_TARGET = 14.4;
				MTL_ENABLE_DEBUG_INFO = INCLUDE_SOURCE;
				MTL_FAST_MATH = YES;
				ONLY_ACTIVE_ARCH = YES;
				SDKROOT = iphoneos;
				SWIFT_ACTIVE_COMPILATION_CONDITIONS = DEBUG;
				SWIFT_OPTIMIZATION_LEVEL = "-Onone";
			};
			name = Debug;
		};
		3DB69B7F26343393005BF599 /* Release */ = {
			isa = XCBuildConfiguration;
			buildSettings = {
				ALWAYS_SEARCH_USER_PATHS = NO;
				CLANG_ANALYZER_NONNULL = YES;
				CLANG_ANALYZER_NUMBER_OBJECT_CONVERSION = YES_AGGRESSIVE;
				CLANG_CXX_LANGUAGE_STANDARD = "gnu++14";
				CLANG_CXX_LIBRARY = "libc++";
				CLANG_ENABLE_MODULES = YES;
				CLANG_ENABLE_OBJC_ARC = YES;
				CLANG_ENABLE_OBJC_WEAK = YES;
				CLANG_WARN_BLOCK_CAPTURE_AUTORELEASING = YES;
				CLANG_WARN_BOOL_CONVERSION = YES;
				CLANG_WARN_COMMA = YES;
				CLANG_WARN_CONSTANT_CONVERSION = YES;
				CLANG_WARN_DEPRECATED_OBJC_IMPLEMENTATIONS = YES;
				CLANG_WARN_DIRECT_OBJC_ISA_USAGE = YES_ERROR;
				CLANG_WARN_DOCUMENTATION_COMMENTS = YES;
				CLANG_WARN_EMPTY_BODY = YES;
				CLANG_WARN_ENUM_CONVERSION = YES;
				CLANG_WARN_INFINITE_RECURSION = YES;
				CLANG_WARN_INT_CONVERSION = YES;
				CLANG_WARN_NON_LITERAL_NULL_CONVERSION = YES;
				CLANG_WARN_OBJC_IMPLICIT_RETAIN_SELF = YES;
				CLANG_WARN_OBJC_LITERAL_CONVERSION = YES;
				CLANG_WARN_OBJC_ROOT_CLASS = YES_ERROR;
				CLANG_WARN_QUOTED_INCLUDE_IN_FRAMEWORK_HEADER = YES;
				CLANG_WARN_RANGE_LOOP_ANALYSIS = YES;
				CLANG_WARN_STRICT_PROTOTYPES = YES;
				CLANG_WARN_SUSPICIOUS_MOVE = YES;
				CLANG_WARN_UNGUARDED_AVAILABILITY = YES_AGGRESSIVE;
				CLANG_WARN_UNREACHABLE_CODE = YES;
				CLANG_WARN__DUPLICATE_METHOD_MATCH = YES;
				COPY_PHASE_STRIP = NO;
				DEBUG_INFORMATION_FORMAT = "dwarf-with-dsym";
				ENABLE_NS_ASSERTIONS = NO;
				ENABLE_STRICT_OBJC_MSGSEND = YES;
				GCC_C_LANGUAGE_STANDARD = gnu11;
				GCC_NO_COMMON_BLOCKS = YES;
				GCC_WARN_64_TO_32_BIT_CONVERSION = YES;
				GCC_WARN_ABOUT_RETURN_TYPE = YES_ERROR;
				GCC_WARN_UNDECLARED_SELECTOR = YES;
				GCC_WARN_UNINITIALIZED_AUTOS = YES_AGGRESSIVE;
				GCC_WARN_UNUSED_FUNCTION = YES;
				GCC_WARN_UNUSED_VARIABLE = YES;
				IPHONEOS_DEPLOYMENT_TARGET = 14.4;
				MTL_ENABLE_DEBUG_INFO = NO;
				MTL_FAST_MATH = YES;
				SDKROOT = iphoneos;
				SWIFT_COMPILATION_MODE = wholemodule;
				SWIFT_OPTIMIZATION_LEVEL = "-O";
				VALIDATE_PRODUCT = YES;
			};
			name = Release;
		};
		3DB69B8126343393005BF599 /* Debug */ = {
			isa = XCBuildConfiguration;
			buildSettings = {
				ASSETCATALOG_COMPILER_APPICON_NAME = AppIcon;
				ASSETCATALOG_COMPILER_GLOBAL_ACCENT_COLOR_NAME = AccentColor;
				CODE_SIGN_STYLE = Automatic;
				ENABLE_PREVIEWS = YES;
				INFOPLIST_FILE = "Fara-Task/Info.plist";
				LD_RUNPATH_SEARCH_PATHS = (
					"$(inherited)",
					"@executable_path/Frameworks",
				);
				PRODUCT_BUNDLE_IDENTIFIER = "com.example.Fara-Task";
				PRODUCT_NAME = "$(TARGET_NAME)";
				SWIFT_VERSION = 5.0;
				TARGETED_DEVICE_FAMILY = "1,2";
			};
			name = Debug;
		};
		3DB69B8226343393005BF599 /* Release */ = {
			isa = XCBuildConfiguration;
			buildSettings = {
				ASSETCATALOG_COMPILER_APPICON_NAME = AppIcon;
				ASSETCATALOG_COMPILER_GLOBAL_ACCENT_COLOR_NAME = AccentColor;
				CODE_SIGN_STYLE = Automatic;
				ENABLE_PREVIEWS = YES;
				INFOPLIST_FILE = "Fara-Task/Info.plist";
				LD_RUNPATH_SEARCH_PATHS = (
					"$(inherited)",
					"@executable_path/Frameworks",
				);
				PRODUCT_BUNDLE_IDENTIFIER = "com.example.Fara-Task";
				PRODUCT_NAME = "$(TARGET_NAME)";
				SWIFT_VERSION = 5.0;
				TARGETED_DEVICE_FAMILY = "1,2";
			};
			name = Release;
		};
		3DB69B8426343393005BF599 /* Debug */ = {
			isa = XCBuildConfiguration;
			buildSettings = {
				ALWAYS_EMBED_SWIFT_STANDARD_LIBRARIES = YES;
				BUNDLE_LOADER = "$(TEST_HOST)";
				CODE_SIGN_STYLE = Automatic;
				INFOPLIST_FILE = "Fara-TaskTests/Info.plist";
				IPHONEOS_DEPLOYMENT_TARGET = 14.4;
				LD_RUNPATH_SEARCH_PATHS = (
					"$(inherited)",
					"@executable_path/Frameworks",
					"@loader_path/Frameworks",
				);
				PRODUCT_BUNDLE_IDENTIFIER = "com.example.Fara-TaskTests";
				PRODUCT_NAME = "$(TARGET_NAME)";
				SWIFT_VERSION = 5.0;
				TARGETED_DEVICE_FAMILY = "1,2";
				TEST_HOST = "$(BUILT_PRODUCTS_DIR)/Fara-Task.app/Fara-Task";
			};
			name = Debug;
		};
		3DB69B8526343393005BF599 /* Release */ = {
			isa = XCBuildConfiguration;
			buildSettings = {
				ALWAYS_EMBED_SWIFT_STANDARD_LIBRARIES = YES;
				BUNDLE_LOADER = "$(TEST_HOST)";
				CODE_SIGN_STYLE = Automatic;
				INFOPLIST_FILE = "Fara-TaskTests/Info.plist";
				IPHONEOS_DEPLOYMENT_TARGET = 14.4;
				LD_RUNPATH_SEARCH_PATHS = (
					"$(inherited)",
					"@executable_path/Frameworks",
					"@loader_path/Frameworks",
				);
				PRODUCT_BUNDLE_IDENTIFIER = "com.example.Fara-TaskTests";
				PRODUCT_NAME = "$(TARGET_NAME)";
				SWIFT_VERSION = 5.0;
				TARGETED_DEVICE_FAMILY = "1,2";
				TEST_HOST = "$(BUILT_PRODUCTS_DIR)/Fara-Task.app/Fara-Task";
			};
			name = Release;
		};
		3DB69B8726343393005BF599 /* Debug */ = {
			isa = XCBuildConfiguration;
			buildSettings = {
				ALWAYS_EMBED_SWIFT_STANDARD_LIBRARIES = YES;
				CODE_SIGN_STYLE = Automatic;
				INFOPLIST_FILE = "Fara-TaskUITests/Info.plist";
				LD_RUNPATH_SEARCH_PATHS = (
					"$(inherited)",
					"@executable_path/Frameworks",
					"@loader_path/Frameworks",
				);
				PRODUCT_BUNDLE_IDENTIFIER = "com.example.Fara-TaskUITests";
				PRODUCT_NAME = "$(TARGET_NAME)";
				SWIFT_VERSION = 5.0;
				TARGETED_DEVICE_FAMILY = "1,2";
				TEST_TARGET_NAME = "Fara-Task";
			};
			name = Debug;
		};
		3DB69B8826343393005BF599 /* Release */ = {
			isa = XCBuildConfiguration;
			buildSettings = {
				ALWAYS_EMBED_SWIFT_STANDARD_LIBRARIES = YES;
				CODE_SIGN_STYLE = Automatic;
				INFOPLIST_FILE = "Fara-TaskUITests/Info.plist";
				LD_RUNPATH_SEARCH_PATHS = (
					"$(inherited)",
					"@executable_path/Frameworks",
					"@loader_path/Frameworks",
				);
				PRODUCT_BUNDLE_IDENTIFIER = "com.example.Fara-TaskUITests";
				PRODUCT_NAME = "$(TARGET_NAME)";
				SWIFT_VERSION = 5.0;
				TARGETED_DEVICE_FAMILY = "1,2";
				TEST_TARGET_NAME = "Fara-Task";
			};
			name = Release;
		};
/* End XCBuildConfiguration section */

/* Begin XCConfigurationList section */
		3DB69B5126343392005BF599 /* Build configuration list for PBXProject "Fara-Task" */ = {
			isa = XCConfigurationList;
			buildConfigurations = (
				3DB69B7E26343393005BF599 /* Debug */,
				3DB69B7F26343393005BF599 /* Release */,
			);
			defaultConfigurationIsVisible = 0;
			defaultConfigurationName = Release;
		};
		3DB69B8026343393005BF599 /* Build configuration list for PBXNativeTarget "Fara-Task" */ = {
			isa = XCConfigurationList;
			buildConfigurations = (
				3DB69B8126343393005BF599 /* Debug */,
				3DB69B8226343393005BF599 /* Release */,
			);
			defaultConfigurationIsVisible = 0;
			defaultConfigurationName = Release;
		};
		3DB69B8326343393005BF599 /* Build configuration list for PBXNativeTarget "Fara-TaskTests" */ = {
			isa = XCConfigurationList;
			buildConfigurations = (
				3DB69B8426343393005BF599 /* Debug */,
				3DB69B8526343393005BF599 /* Release */,
			);
			defaultConfigurationIsVisible = 0;
			defaultConfigurationName = Release;
		};
		3DB69B8626343393005BF599 /* Build configuration list for PBXNativeTarget "Fara-TaskUITests" */ = {
			isa = XCConfigurationList;
			buildConfigurations = (
				3DB69B8726343393005BF599 /* Debug */,
				3DB69B8826343393005BF599 /* Release */,
			);
			defaultConfigurationIsVisible = 0;
			defaultConfigurationName = Release;
		};
/* End XCConfigurationList section */
	};
	rootObject = 3DB69B4E26343392005BF599 /* Project object */;
}
